<?xml version="1.0" encoding="utf-8"?>
<Project ToolsVersion="4.0" xmlns="http://schemas.microsoft.com/developer/msbuild/2003">
  <ItemGroup>
    <Filter Include="Source Files">
      <UniqueIdentifier>{4FC737F1-C7A5-4376-A066-2A32D752A2FF}</UniqueIdentifier>
      <Extensions>cpp;c;cc;cxx;c++;cppm;ixx;def;odl;idl;hpj;bat;asm;asmx</Extensions>
    </Filter>
    <Filter Include="Header Files">
      <UniqueIdentifier>{93995380-89BD-4b04-88EB-625FBE52EBFB}</UniqueIdentifier>
      <Extensions>h;hh;hpp;hxx;h++;hm;inl;inc;ipp;xsd</Extensions>
    </Filter>
    <Filter Include="Resource Files">
      <UniqueIdentifier>{67DA6AB6-F800-4c08-8B7A-83BB121AAD01}</UniqueIdentifier>
      <Extensions>rc;ico;cur;bmp;dlg;rc2;rct;bin;rgs;gif;jpg;jpeg;jpe;resx;tiff;tif;png;wav;mfcribbon-ms</Extensions>
    </Filter>
    <Filter Include="Base">
      <UniqueIdentifier>{5efff48f-2a3c-4dbc-8f17-b7a4aaca59f9}</UniqueIdentifier>
    </Filter>
    <Filter Include="Base\Header Files">
      <UniqueIdentifier>{4bfbe9aa-c651-472c-8b13-4a229581db0b}</UniqueIdentifier>
    </Filter>
    <Filter Include="Base\Source Files">
      <UniqueIdentifier>{10f5ec13-0d35-4ec2-9772-afdcb280db2f}</UniqueIdentifier>
    </Filter>
  </ItemGroup>
  <ItemGroup>
    <ClCompile Include="main.cpp">
      <Filter>Source Files</Filter>
    </ClCompile>
    <ClCompile Include="Base\vulkan_glTF_model_loader.cpp">
      <Filter>Base\Source Files</Filter>
    </ClCompile>
    <ClCompile Include="Base\vulkan_example_base.cpp">
      <Filter>Base\Source Files</Filter>
    </ClCompile>
  </ItemGroup>
  <ItemGroup>
    <ClInclude Include="Base\camera.h">
      <Filter>Base\Header Files</Filter>
    </ClInclude>
    <ClInclude Include="Base\keycodes.h">
      <Filter>Base\Header Files</Filter>
    </ClInclude>
    <ClInclude Include="Base\vulkan_base.h">
      <Filter>Base\Header Files</Filter>
    </ClInclude>
    <ClInclude Include="Base\vulkan_device.h">
      <Filter>Base\Header Files</Filter>
    </ClInclude>
    <ClInclude Include="Base\vulkan_example_base.h">
      <Filter>Base\Header Files</Filter>
    </ClInclude>
    <ClInclude Include="Base\vulkan_glTF_model_loader.h">
      <Filter>Base\Header Files</Filter>
    </ClInclude>
    <ClInclude Include="Base\vulkan_swapchain.h">
      <Filter>Base\Header Files</Filter>
    </ClInclude>
    <ClInclude Include="Base\vulkan_texture.h">
      <Filter>Base\Header Files</Filter>
    </ClInclude>
    <ClInclude Include="Base\vulkan_uitls.h">
      <Filter>Base\Header Files</Filter>
    </ClInclude>
    <ClInclude Include="resource.h">
      <Filter>Resource Files</Filter>
    </ClInclude>
  </ItemGroup>
  <ItemGroup>
    <ResourceCompile Include="Vulkan_PBR.rc">
      <Filter>Resource Files</Filter>
    </ResourceCompile>
  </ItemGroup>
</Project>